// !$*UTF8*$!
{
	archiveVersion = 1;
	classes = {
	};
	objectVersion = 46;
	objects = {

/* Begin PBXBuildFile section */
		9F70970D19C8A8C000D805CB /* EventTableViewCell.xib in Resources */ = {isa = PBXBuildFile; fileRef = 9F70970C19C8A8C000D805CB /* EventTableViewCell.xib */; };
		9F70970F19C8AA7700D805CB /* EventTableViewCell.swift in Sources */ = {isa = PBXBuildFile; fileRef = 9F70970E19C8AA7700D805CB /* EventTableViewCell.swift */; };
		96234E7719C88905006811D5 /* CoreData.framework in Frameworks */ = {isa = PBXBuildFile; fileRef = 96234E7619C88905006811D5 /* CoreData.framework */; };
		96234EB919C89DD0006811D5 /* TestLagringTableViewController.swift in Sources */ = {isa = PBXBuildFile; fileRef = 96234EB819C89DD0006811D5 /* TestLagringTableViewController.swift */; };
		96234EF119C8A861006811D5 /* ResponisbleDetailViewController.swift in Sources */ = {isa = PBXBuildFile; fileRef = 96234EF019C8A861006811D5 /* ResponisbleDetailViewController.swift */; };
		96234EF819C8B3D8006811D5 /* FaghelgApp.xcdatamodeld in Sources */ = {isa = PBXBuildFile; fileRef = 96234EF619C8B3D8006811D5 /* FaghelgApp.xcdatamodeld */; };
		96234EFC19C8B66C006811D5 /* Event.swift in Sources */ = {isa = PBXBuildFile; fileRef = 96234EFB19C8B66C006811D5 /* Event.swift */; };
		96234EFE19C8B66C006811D5 /* Program.swift in Sources */ = {isa = PBXBuildFile; fileRef = 96234EFD19C8B66C006811D5 /* Program.swift */; };
		96234F0019C8B6AD006811D5 /* Responsible.swift in Sources */ = {isa = PBXBuildFile; fileRef = 96234EFF19C8B6AD006811D5 /* Responsible.swift */; };
		9F8D4CB319BE4A6100DA5A61 /* AppDelegate.swift in Sources */ = {isa = PBXBuildFile; fileRef = 9F8D4CB219BE4A6100DA5A61 /* AppDelegate.swift */; };
		9F8D4CB719BE4A6100DA5A61 /* DataViewController.swift in Sources */ = {isa = PBXBuildFile; fileRef = 9F8D4CB619BE4A6100DA5A61 /* DataViewController.swift */; };
		9F8D4CB919BE4A6100DA5A61 /* ModelController.swift in Sources */ = {isa = PBXBuildFile; fileRef = 9F8D4CB819BE4A6100DA5A61 /* ModelController.swift */; };
		9F8D4CBC19BE4A6100DA5A61 /* Main.storyboard in Resources */ = {isa = PBXBuildFile; fileRef = 9F8D4CBA19BE4A6100DA5A61 /* Main.storyboard */; };
		9F8D4CBE19BE4A6100DA5A61 /* Images.xcassets in Resources */ = {isa = PBXBuildFile; fileRef = 9F8D4CBD19BE4A6100DA5A61 /* Images.xcassets */; };
		9F8D4CCA19BE4A6100DA5A61 /* FaghelgAppTests.swift in Sources */ = {isa = PBXBuildFile; fileRef = 9F8D4CC919BE4A6100DA5A61 /* FaghelgAppTests.swift */; };
		9F8D4CD419BE4B2000DA5A61 /* FaghelgApi.swift in Sources */ = {isa = PBXBuildFile; fileRef = 9F8D4CD319BE4B2000DA5A61 /* FaghelgApi.swift */; };
		9FF648FC19C87424004BCFEB /* ProgramViewController.swift in Sources */ = {isa = PBXBuildFile; fileRef = 9FF648FB19C87424004BCFEB /* ProgramViewController.swift */; };
/* End PBXBuildFile section */

/* Begin PBXContainerItemProxy section */
		845FD60019BF4157007B6AE4 /* PBXContainerItemProxy */ = {
			isa = PBXContainerItemProxy;
			containerPortal = 9FCD686B19BF402700443776 /* Alamofire.xcodeproj */;
			proxyType = 1;
			remoteGlobalIDString = F8111E3219A95C8B0040E7D1;
			remoteInfo = Alamofire;
		};
		9F8D4CC419BE4A6100DA5A61 /* PBXContainerItemProxy */ = {
			isa = PBXContainerItemProxy;
			containerPortal = 9F8D4CA519BE4A6100DA5A61 /* Project object */;
			proxyType = 1;
			remoteGlobalIDString = 9F8D4CAC19BE4A6100DA5A61;
			remoteInfo = FaghelgApp;
		};
		9FCD687019BF402700443776 /* PBXContainerItemProxy */ = {
			isa = PBXContainerItemProxy;
			containerPortal = 9FCD686B19BF402700443776 /* Alamofire.xcodeproj */;
			proxyType = 2;
			remoteGlobalIDString = F8111E3319A95C8B0040E7D1;
			remoteInfo = Alamofire;
		};
		9FCD687219BF402700443776 /* PBXContainerItemProxy */ = {
			isa = PBXContainerItemProxy;
			containerPortal = 9FCD686B19BF402700443776 /* Alamofire.xcodeproj */;
			proxyType = 2;
			remoteGlobalIDString = F8111E3E19A95C8B0040E7D1;
			remoteInfo = AlamofireTests;
		};
/* End PBXContainerItemProxy section */

/* Begin PBXFileReference section */
		96234E7619C88905006811D5 /* CoreData.framework */ = {isa = PBXFileReference; lastKnownFileType = wrapper.framework; name = CoreData.framework; path = System/Library/Frameworks/CoreData.framework; sourceTree = SDKROOT; };
		96234EB819C89DD0006811D5 /* TestLagringTableViewController.swift */ = {isa = PBXFileReference; fileEncoding = 4; lastKnownFileType = sourcecode.swift; path = TestLagringTableViewController.swift; sourceTree = "<group>"; };
		96234EF019C8A861006811D5 /* ResponisbleDetailViewController.swift */ = {isa = PBXFileReference; fileEncoding = 4; lastKnownFileType = sourcecode.swift; path = ResponisbleDetailViewController.swift; sourceTree = "<group>"; };
		96234EF519C8B11D006811D5 /* FaghelgApp-Bridging-Header.h */ = {isa = PBXFileReference; fileEncoding = 4; lastKnownFileType = sourcecode.c.h; path = "FaghelgApp-Bridging-Header.h"; sourceTree = "<group>"; };
		96234EF719C8B3D8006811D5 /* FaghelgApp.xcdatamodel */ = {isa = PBXFileReference; lastKnownFileType = wrapper.xcdatamodel; path = FaghelgApp.xcdatamodel; sourceTree = "<group>"; };
		96234EFB19C8B66C006811D5 /* Event.swift */ = {isa = PBXFileReference; fileEncoding = 4; lastKnownFileType = sourcecode.swift; path = Event.swift; sourceTree = "<group>"; };
		96234EFD19C8B66C006811D5 /* Program.swift */ = {isa = PBXFileReference; fileEncoding = 4; lastKnownFileType = sourcecode.swift; path = Program.swift; sourceTree = "<group>"; };
		96234EFF19C8B6AD006811D5 /* Responsible.swift */ = {isa = PBXFileReference; fileEncoding = 4; lastKnownFileType = sourcecode.swift; path = Responsible.swift; sourceTree = "<group>"; };
		9F70970C19C8A8C000D805CB /* EventTableViewCell.xib */ = {isa = PBXFileReference; fileEncoding = 4; lastKnownFileType = file.xib; path = EventTableViewCell.xib; sourceTree = "<group>"; };
		9F70970E19C8AA7700D805CB /* EventTableViewCell.swift */ = {isa = PBXFileReference; fileEncoding = 4; lastKnownFileType = sourcecode.swift; path = EventTableViewCell.swift; sourceTree = "<group>"; };
		9F8D4CAD19BE4A6100DA5A61 /* FaghelgApp.app */ = {isa = PBXFileReference; explicitFileType = wrapper.application; includeInIndex = 0; path = FaghelgApp.app; sourceTree = BUILT_PRODUCTS_DIR; };
		9F8D4CB119BE4A6100DA5A61 /* Info.plist */ = {isa = PBXFileReference; lastKnownFileType = text.plist.xml; path = Info.plist; sourceTree = "<group>"; };
		9F8D4CB219BE4A6100DA5A61 /* AppDelegate.swift */ = {isa = PBXFileReference; lastKnownFileType = sourcecode.swift; path = AppDelegate.swift; sourceTree = "<group>"; };
		9F8D4CB619BE4A6100DA5A61 /* DataViewController.swift */ = {isa = PBXFileReference; lastKnownFileType = sourcecode.swift; path = DataViewController.swift; sourceTree = "<group>"; };
		9F8D4CB819BE4A6100DA5A61 /* ModelController.swift */ = {isa = PBXFileReference; lastKnownFileType = sourcecode.swift; path = ModelController.swift; sourceTree = "<group>"; };
		9F8D4CBB19BE4A6100DA5A61 /* Base */ = {isa = PBXFileReference; lastKnownFileType = file.storyboard; name = Base; path = Base.lproj/Main.storyboard; sourceTree = "<group>"; };
		9F8D4CBD19BE4A6100DA5A61 /* Images.xcassets */ = {isa = PBXFileReference; lastKnownFileType = folder.assetcatalog; path = Images.xcassets; sourceTree = "<group>"; };
		9F8D4CC319BE4A6100DA5A61 /* FaghelgAppTests.xctest */ = {isa = PBXFileReference; explicitFileType = wrapper.cfbundle; includeInIndex = 0; path = FaghelgAppTests.xctest; sourceTree = BUILT_PRODUCTS_DIR; };
		9F8D4CC819BE4A6100DA5A61 /* Info.plist */ = {isa = PBXFileReference; lastKnownFileType = text.plist.xml; path = Info.plist; sourceTree = "<group>"; };
		9F8D4CC919BE4A6100DA5A61 /* FaghelgAppTests.swift */ = {isa = PBXFileReference; lastKnownFileType = sourcecode.swift; path = FaghelgAppTests.swift; sourceTree = "<group>"; };
		9F8D4CD319BE4B2000DA5A61 /* FaghelgApi.swift */ = {isa = PBXFileReference; fileEncoding = 4; lastKnownFileType = sourcecode.swift; path = FaghelgApi.swift; sourceTree = "<group>"; };
		9FCD686B19BF402700443776 /* Alamofire.xcodeproj */ = {isa = PBXFileReference; lastKnownFileType = "wrapper.pb-project"; name = Alamofire.xcodeproj; path = lib/Alamofire/Alamofire.xcodeproj; sourceTree = "<group>"; };
		9FF648FB19C87424004BCFEB /* ProgramViewController.swift */ = {isa = PBXFileReference; fileEncoding = 4; lastKnownFileType = sourcecode.swift; path = ProgramViewController.swift; sourceTree = "<group>"; };
		9FF6490C19C87E3E004BCFEB /* Program.swift */ = {isa = PBXFileReference; fileEncoding = 4; lastKnownFileType = sourcecode.swift; path = Program.swift; sourceTree = "<group>"; };
		9FF6490E19C87EA9004BCFEB /* Event.swift */ = {isa = PBXFileReference; fileEncoding = 4; lastKnownFileType = sourcecode.swift; path = Event.swift; sourceTree = "<group>"; };
		9FF6491019C87FDB004BCFEB /* Person.swift */ = {isa = PBXFileReference; fileEncoding = 4; lastKnownFileType = sourcecode.swift; path = Person.swift; sourceTree = "<group>"; };
		9FF6491319C88F41004BCFEB /* Notifications.swift */ = {isa = PBXFileReference; fileEncoding = 4; lastKnownFileType = sourcecode.swift; path = Notifications.swift; sourceTree = "<group>"; };
/* End PBXFileReference section */

/* Begin PBXFrameworksBuildPhase section */
		9F8D4CAA19BE4A6100DA5A61 /* Frameworks */ = {
			isa = PBXFrameworksBuildPhase;
			buildActionMask = 2147483647;
			files = (
				96234E7719C88905006811D5 /* CoreData.framework in Frameworks */,
			);
			runOnlyForDeploymentPostprocessing = 0;
		};
		9F8D4CC019BE4A6100DA5A61 /* Frameworks */ = {
			isa = PBXFrameworksBuildPhase;
			buildActionMask = 2147483647;
			files = (
			);
			runOnlyForDeploymentPostprocessing = 0;
		};
/* End PBXFrameworksBuildPhase section */

/* Begin PBXGroup section */
		9F70970919C8A85200D805CB /* ViewControllers */ = {
			isa = PBXGroup;
			children = (
				9FF648FB19C87424004BCFEB /* ProgramViewController.swift */,
			);
			name = ViewControllers;
			sourceTree = "<group>";
		};
		9F70970B19C8A89500D805CB /* Views */ = {
			isa = PBXGroup;
			children = (
				9F8D4CBA19BE4A6100DA5A61 /* Main.storyboard */,
				9F70970C19C8A8C000D805CB /* EventTableViewCell.xib */,
				9F70970E19C8AA7700D805CB /* EventTableViewCell.swift */,
			);
			name = Views;
			sourceTree = "<group>";
		};
		9F8D4CA419BE4A6100DA5A61 = {
			isa = PBXGroup;
			children = (
				96234E7619C88905006811D5 /* CoreData.framework */,
				9FCD686B19BF402700443776 /* Alamofire.xcodeproj */,
				9F8D4CAF19BE4A6100DA5A61 /* FaghelgApp */,
				9F8D4CC619BE4A6100DA5A61 /* FaghelgAppTests */,
				9F8D4CAE19BE4A6100DA5A61 /* Products */,
			);
			sourceTree = "<group>";
		};
		9F8D4CAE19BE4A6100DA5A61 /* Products */ = {
			isa = PBXGroup;
			children = (
				9F8D4CAD19BE4A6100DA5A61 /* FaghelgApp.app */,
				9F8D4CC319BE4A6100DA5A61 /* FaghelgAppTests.xctest */,
			);
			name = Products;
			sourceTree = "<group>";
		};
		9F8D4CAF19BE4A6100DA5A61 /* FaghelgApp */ = {
			isa = PBXGroup;
			children = (
				96234EF519C8B11D006811D5 /* FaghelgApp-Bridging-Header.h */,
				96234EB819C89DD0006811D5 /* TestLagringTableViewController.swift */,
				96234EF619C8B3D8006811D5 /* FaghelgApp.xcdatamodeld */,
				9F70970B19C8A89500D805CB /* Views */,
				9F70970919C8A85200D805CB /* ViewControllers */,
				9FF6490B19C87E25004BCFEB /* Domain */,
				9FF6491319C88F41004BCFEB /* Notifications.swift */,
				9F8D4CD319BE4B2000DA5A61 /* FaghelgApi.swift */,
				9F8D4CB219BE4A6100DA5A61 /* AppDelegate.swift */,
				9F8D4CBD19BE4A6100DA5A61 /* Images.xcassets */,
				9F8D4CB019BE4A6100DA5A61 /* Supporting Files */,
				96234EF019C8A861006811D5 /* ResponisbleDetailViewController.swift */,
			);
			path = FaghelgApp;
			sourceTree = "<group>";
		};
		9F8D4CB019BE4A6100DA5A61 /* Supporting Files */ = {
			isa = PBXGroup;
			children = (
				9F8D4CB119BE4A6100DA5A61 /* Info.plist */,
			);
			name = "Supporting Files";
			sourceTree = "<group>";
		};
		9F8D4CC619BE4A6100DA5A61 /* FaghelgAppTests */ = {
			isa = PBXGroup;
			children = (
				9F8D4CC919BE4A6100DA5A61 /* FaghelgAppTests.swift */,
				9F8D4CC719BE4A6100DA5A61 /* Supporting Files */,
			);
			path = FaghelgAppTests;
			sourceTree = "<group>";
		};
		9F8D4CC719BE4A6100DA5A61 /* Supporting Files */ = {
			isa = PBXGroup;
			children = (
				9F8D4CC819BE4A6100DA5A61 /* Info.plist */,
			);
			name = "Supporting Files";
			sourceTree = "<group>";
		};
		9FCD686C19BF402700443776 /* Products */ = {
			isa = PBXGroup;
			children = (
				9FCD687119BF402700443776 /* Alamofire.framework */,
				9FCD687319BF402700443776 /* AlamofireTests.xctest */,
			);
			name = Products;
			sourceTree = "<group>";
		};
		9FF6490B19C87E25004BCFEB /* Domain */ = {
			isa = PBXGroup;
			children = (
				9FF6490E19C87EA9004BCFEB /* Event.swift */,
				9FF6490C19C87E3E004BCFEB /* Program.swift */,
				9FF6491019C87FDB004BCFEB /* Person.swift */,
			);
			name = Domain;
			sourceTree = "<group>";
		};
/* End PBXGroup section */

/* Begin PBXNativeTarget section */
		9F8D4CAC19BE4A6100DA5A61 /* FaghelgApp */ = {
			isa = PBXNativeTarget;
			buildConfigurationList = 9F8D4CCD19BE4A6100DA5A61 /* Build configuration list for PBXNativeTarget "FaghelgApp" */;
			buildPhases = (
				9F8D4CA919BE4A6100DA5A61 /* Sources */,
				9F8D4CAA19BE4A6100DA5A61 /* Frameworks */,
				9F8D4CAB19BE4A6100DA5A61 /* Resources */,
			);
			buildRules = (
			);
			dependencies = (
				845FD60119BF4157007B6AE4 /* PBXTargetDependency */,
			);
			name = FaghelgApp;
			productName = FaghelgApp;
			productReference = 9F8D4CAD19BE4A6100DA5A61 /* FaghelgApp.app */;
			productType = "com.apple.product-type.application";
		};
		9F8D4CC219BE4A6100DA5A61 /* FaghelgAppTests */ = {
			isa = PBXNativeTarget;
			buildConfigurationList = 9F8D4CD019BE4A6100DA5A61 /* Build configuration list for PBXNativeTarget "FaghelgAppTests" */;
			buildPhases = (
				9F8D4CBF19BE4A6100DA5A61 /* Sources */,
				9F8D4CC019BE4A6100DA5A61 /* Frameworks */,
				9F8D4CC119BE4A6100DA5A61 /* Resources */,
			);
			buildRules = (
			);
			dependencies = (
				9F8D4CC519BE4A6100DA5A61 /* PBXTargetDependency */,
			);
			name = FaghelgAppTests;
			productName = FaghelgAppTests;
			productReference = 9F8D4CC319BE4A6100DA5A61 /* FaghelgAppTests.xctest */;
			productType = "com.apple.product-type.bundle.unit-test";
		};
/* End PBXNativeTarget section */

/* Begin PBXProject section */
		9F8D4CA519BE4A6100DA5A61 /* Project object */ = {
			isa = PBXProject;
			attributes = {
				LastUpgradeCheck = 0600;
				ORGANIZATIONNAME = Mesan;
				TargetAttributes = {
					9F8D4CAC19BE4A6100DA5A61 = {
						CreatedOnToolsVersion = 6.0;
					};
					9F8D4CC219BE4A6100DA5A61 = {
						CreatedOnToolsVersion = 6.0;
						TestTargetID = 9F8D4CAC19BE4A6100DA5A61;
					};
				};
			};
			buildConfigurationList = 9F8D4CA819BE4A6100DA5A61 /* Build configuration list for PBXProject "FaghelgApp" */;
			compatibilityVersion = "Xcode 3.2";
			developmentRegion = English;
			hasScannedForEncodings = 0;
			knownRegions = (
				en,
				Base,
			);
			mainGroup = 9F8D4CA419BE4A6100DA5A61;
			productRefGroup = 9F8D4CAE19BE4A6100DA5A61 /* Products */;
			projectDirPath = "";
			projectReferences = (
				{
					ProductGroup = 9FCD686C19BF402700443776 /* Products */;
					ProjectRef = 9FCD686B19BF402700443776 /* Alamofire.xcodeproj */;
				},
			);
			projectRoot = "";
			targets = (
				9F8D4CAC19BE4A6100DA5A61 /* FaghelgApp */,
				9F8D4CC219BE4A6100DA5A61 /* FaghelgAppTests */,
			);
		};
/* End PBXProject section */

/* Begin PBXReferenceProxy section */
		9FCD687119BF402700443776 /* Alamofire.framework */ = {
			isa = PBXReferenceProxy;
			fileType = wrapper.framework;
			path = Alamofire.framework;
			remoteRef = 9FCD687019BF402700443776 /* PBXContainerItemProxy */;
			sourceTree = BUILT_PRODUCTS_DIR;
		};
		9FCD687319BF402700443776 /* AlamofireTests.xctest */ = {
			isa = PBXReferenceProxy;
			fileType = wrapper.cfbundle;
			path = AlamofireTests.xctest;
			remoteRef = 9FCD687219BF402700443776 /* PBXContainerItemProxy */;
			sourceTree = BUILT_PRODUCTS_DIR;
		};
/* End PBXReferenceProxy section */

/* Begin PBXResourcesBuildPhase section */
		9F8D4CAB19BE4A6100DA5A61 /* Resources */ = {
			isa = PBXResourcesBuildPhase;
			buildActionMask = 2147483647;
			files = (
				9F70970D19C8A8C000D805CB /* EventTableViewCell.xib in Resources */,
				9F8D4CBC19BE4A6100DA5A61 /* Main.storyboard in Resources */,
				9F8D4CBE19BE4A6100DA5A61 /* Images.xcassets in Resources */,
			);
			runOnlyForDeploymentPostprocessing = 0;
		};
		9F8D4CC119BE4A6100DA5A61 /* Resources */ = {
			isa = PBXResourcesBuildPhase;
			buildActionMask = 2147483647;
			files = (
			);
			runOnlyForDeploymentPostprocessing = 0;
		};
/* End PBXResourcesBuildPhase section */

/* Begin PBXSourcesBuildPhase section */
		9F8D4CA919BE4A6100DA5A61 /* Sources */ = {
			isa = PBXSourcesBuildPhase;
			buildActionMask = 2147483647;
			files = (
				96234EB919C89DD0006811D5 /* TestLagringTableViewController.swift in Sources */,
				96234F0019C8B6AD006811D5 /* Responsible.swift in Sources */,
				9F70970F19C8AA7700D805CB /* EventTableViewCell.swift in Sources */,
				9F8D4CD419BE4B2000DA5A61 /* FaghelgApi.swift in Sources */,
				96234EF819C8B3D8006811D5 /* FaghelgApp.xcdatamodeld in Sources */,
				9F8D4CB919BE4A6100DA5A61 /* ModelController.swift in Sources */,
				96234EFC19C8B66C006811D5 /* Event.swift in Sources */,
				9F8D4CB719BE4A6100DA5A61 /* DataViewController.swift in Sources */,
				96234EFE19C8B66C006811D5 /* Program.swift in Sources */,
				96234EF119C8A861006811D5 /* ResponisbleDetailViewController.swift in Sources */,
				9FF6491119C87FDB004BCFEB /* Person.swift in Sources */,
				9FF6490D19C87E3E004BCFEB /* Program.swift in Sources */,
				9F8D4CB319BE4A6100DA5A61 /* AppDelegate.swift in Sources */,
				9FF648FC19C87424004BCFEB /* ProgramViewController.swift in Sources */,
				9FF6491419C88F41004BCFEB /* Notifications.swift in Sources */,
			);
			runOnlyForDeploymentPostprocessing = 0;
		};
		9F8D4CBF19BE4A6100DA5A61 /* Sources */ = {
			isa = PBXSourcesBuildPhase;
			buildActionMask = 2147483647;
			files = (
				9F8D4CCA19BE4A6100DA5A61 /* FaghelgAppTests.swift in Sources */,
			);
			runOnlyForDeploymentPostprocessing = 0;
		};
/* End PBXSourcesBuildPhase section */

/* Begin PBXTargetDependency section */
		845FD60119BF4157007B6AE4 /* PBXTargetDependency */ = {
			isa = PBXTargetDependency;
			name = Alamofire;
			targetProxy = 845FD60019BF4157007B6AE4 /* PBXContainerItemProxy */;
		};
		9F8D4CC519BE4A6100DA5A61 /* PBXTargetDependency */ = {
			isa = PBXTargetDependency;
			target = 9F8D4CAC19BE4A6100DA5A61 /* FaghelgApp */;
			targetProxy = 9F8D4CC419BE4A6100DA5A61 /* PBXContainerItemProxy */;
		};
/* End PBXTargetDependency section */

/* Begin PBXVariantGroup section */
		9F8D4CBA19BE4A6100DA5A61 /* Main.storyboard */ = {
			isa = PBXVariantGroup;
			children = (
				9F8D4CBB19BE4A6100DA5A61 /* Base */,
			);
			name = Main.storyboard;
			sourceTree = "<group>";
		};
/* End PBXVariantGroup section */

/* Begin XCBuildConfiguration section */
		9F8D4CCB19BE4A6100DA5A61 /* Debug */ = {
			isa = XCBuildConfiguration;
			buildSettings = {
				ALWAYS_SEARCH_USER_PATHS = NO;
				CLANG_CXX_LANGUAGE_STANDARD = "gnu++0x";
				CLANG_CXX_LIBRARY = "libc++";
				CLANG_ENABLE_MODULES = YES;
				CLANG_ENABLE_OBJC_ARC = YES;
				CLANG_WARN_BOOL_CONVERSION = YES;
				CLANG_WARN_CONSTANT_CONVERSION = YES;
				CLANG_WARN_DIRECT_OBJC_ISA_USAGE = YES_ERROR;
				CLANG_WARN_EMPTY_BODY = YES;
				CLANG_WARN_ENUM_CONVERSION = YES;
				CLANG_WARN_INT_CONVERSION = YES;
				CLANG_WARN_OBJC_ROOT_CLASS = YES_ERROR;
				CLANG_WARN_UNREACHABLE_CODE = YES;
				CLANG_WARN__DUPLICATE_METHOD_MATCH = YES;
				"CODE_SIGN_IDENTITY[sdk=iphoneos*]" = "iPhone Developer";
				COPY_PHASE_STRIP = NO;
				ENABLE_STRICT_OBJC_MSGSEND = YES;
				GCC_C_LANGUAGE_STANDARD = gnu99;
				GCC_DYNAMIC_NO_PIC = NO;
				GCC_OPTIMIZATION_LEVEL = 0;
				GCC_PREPROCESSOR_DEFINITIONS = (
					"DEBUG=1",
					"$(inherited)",
				);
				GCC_SYMBOLS_PRIVATE_EXTERN = NO;
				GCC_WARN_64_TO_32_BIT_CONVERSION = YES;
				GCC_WARN_ABOUT_RETURN_TYPE = YES_ERROR;
				GCC_WARN_UNDECLARED_SELECTOR = YES;
				GCC_WARN_UNINITIALIZED_AUTOS = YES_AGGRESSIVE;
				GCC_WARN_UNUSED_FUNCTION = YES;
				GCC_WARN_UNUSED_VARIABLE = YES;
				IPHONEOS_DEPLOYMENT_TARGET = 8.0;
				MTL_ENABLE_DEBUG_INFO = YES;
				ONLY_ACTIVE_ARCH = YES;
				SDKROOT = iphoneos;
				SWIFT_OPTIMIZATION_LEVEL = "-Onone";
				TARGETED_DEVICE_FAMILY = "1,2";
			};
			name = Debug;
		};
		9F8D4CCC19BE4A6100DA5A61 /* Release */ = {
			isa = XCBuildConfiguration;
			buildSettings = {
				ALWAYS_SEARCH_USER_PATHS = NO;
				CLANG_CXX_LANGUAGE_STANDARD = "gnu++0x";
				CLANG_CXX_LIBRARY = "libc++";
				CLANG_ENABLE_MODULES = YES;
				CLANG_ENABLE_OBJC_ARC = YES;
				CLANG_WARN_BOOL_CONVERSION = YES;
				CLANG_WARN_CONSTANT_CONVERSION = YES;
				CLANG_WARN_DIRECT_OBJC_ISA_USAGE = YES_ERROR;
				CLANG_WARN_EMPTY_BODY = YES;
				CLANG_WARN_ENUM_CONVERSION = YES;
				CLANG_WARN_INT_CONVERSION = YES;
				CLANG_WARN_OBJC_ROOT_CLASS = YES_ERROR;
				CLANG_WARN_UNREACHABLE_CODE = YES;
				CLANG_WARN__DUPLICATE_METHOD_MATCH = YES;
				"CODE_SIGN_IDENTITY[sdk=iphoneos*]" = "iPhone Developer";
				COPY_PHASE_STRIP = YES;
				ENABLE_NS_ASSERTIONS = NO;
				ENABLE_STRICT_OBJC_MSGSEND = YES;
				GCC_C_LANGUAGE_STANDARD = gnu99;
				GCC_WARN_64_TO_32_BIT_CONVERSION = YES;
				GCC_WARN_ABOUT_RETURN_TYPE = YES_ERROR;
				GCC_WARN_UNDECLARED_SELECTOR = YES;
				GCC_WARN_UNINITIALIZED_AUTOS = YES_AGGRESSIVE;
				GCC_WARN_UNUSED_FUNCTION = YES;
				GCC_WARN_UNUSED_VARIABLE = YES;
				IPHONEOS_DEPLOYMENT_TARGET = 8.0;
				MTL_ENABLE_DEBUG_INFO = NO;
				SDKROOT = iphoneos;
				TARGETED_DEVICE_FAMILY = "1,2";
				VALIDATE_PRODUCT = YES;
			};
			name = Release;
		};
		9F8D4CCE19BE4A6100DA5A61 /* Debug */ = {
			isa = XCBuildConfiguration;
			buildSettings = {
				ASSETCATALOG_COMPILER_APPICON_NAME = AppIcon;
				ASSETCATALOG_COMPILER_LAUNCHIMAGE_NAME = LaunchImage;
				CLANG_ENABLE_MODULES = YES;
				INFOPLIST_FILE = FaghelgApp/Info.plist;
				LD_RUNPATH_SEARCH_PATHS = "$(inherited) @executable_path/Frameworks";
				PRODUCT_NAME = "$(TARGET_NAME)";
				SWIFT_OBJC_BRIDGING_HEADER = "FaghelgApp/FaghelgApp-Bridging-Header.h";
				SWIFT_OPTIMIZATION_LEVEL = "-Onone";
				TARGETED_DEVICE_FAMILY = 1;
			};
			name = Debug;
		};
		9F8D4CCF19BE4A6100DA5A61 /* Release */ = {
			isa = XCBuildConfiguration;
			buildSettings = {
				ASSETCATALOG_COMPILER_APPICON_NAME = AppIcon;
				ASSETCATALOG_COMPILER_LAUNCHIMAGE_NAME = LaunchImage;
				CLANG_ENABLE_MODULES = YES;
				INFOPLIST_FILE = FaghelgApp/Info.plist;
				LD_RUNPATH_SEARCH_PATHS = "$(inherited) @executable_path/Frameworks";
				PRODUCT_NAME = "$(TARGET_NAME)";
				SWIFT_OBJC_BRIDGING_HEADER = "FaghelgApp/FaghelgApp-Bridging-Header.h";
				TARGETED_DEVICE_FAMILY = 1;
			};
			name = Release;
		};
		9F8D4CD119BE4A6100DA5A61 /* Debug */ = {
			isa = XCBuildConfiguration;
			buildSettings = {
				BUNDLE_LOADER = "$(TEST_HOST)";
				FRAMEWORK_SEARCH_PATHS = (
					"$(SDKROOT)/Developer/Library/Frameworks",
					"$(inherited)",
				);
				GCC_PREPROCESSOR_DEFINITIONS = (
					"DEBUG=1",
					"$(inherited)",
				);
				INFOPLIST_FILE = FaghelgAppTests/Info.plist;
				LD_RUNPATH_SEARCH_PATHS = "$(inherited) @executable_path/Frameworks @loader_path/Frameworks";
				PRODUCT_NAME = "$(TARGET_NAME)";
				TEST_HOST = "$(BUILT_PRODUCTS_DIR)/FaghelgApp.app/FaghelgApp";
			};
			name = Debug;
		};
		9F8D4CD219BE4A6100DA5A61 /* Release */ = {
			isa = XCBuildConfiguration;
			buildSettings = {
				BUNDLE_LOADER = "$(TEST_HOST)";
				FRAMEWORK_SEARCH_PATHS = (
					"$(SDKROOT)/Developer/Library/Frameworks",
					"$(inherited)",
				);
				INFOPLIST_FILE = FaghelgAppTests/Info.plist;
				LD_RUNPATH_SEARCH_PATHS = "$(inherited) @executable_path/Frameworks @loader_path/Frameworks";
				PRODUCT_NAME = "$(TARGET_NAME)";
				TEST_HOST = "$(BUILT_PRODUCTS_DIR)/FaghelgApp.app/FaghelgApp";
			};
			name = Release;
		};
/* End XCBuildConfiguration section */

/* Begin XCConfigurationList section */
		9F8D4CA819BE4A6100DA5A61 /* Build configuration list for PBXProject "FaghelgApp" */ = {
			isa = XCConfigurationList;
			buildConfigurations = (
				9F8D4CCB19BE4A6100DA5A61 /* Debug */,
				9F8D4CCC19BE4A6100DA5A61 /* Release */,
			);
			defaultConfigurationIsVisible = 0;
			defaultConfigurationName = Release;
		};
		9F8D4CCD19BE4A6100DA5A61 /* Build configuration list for PBXNativeTarget "FaghelgApp" */ = {
			isa = XCConfigurationList;
			buildConfigurations = (
				9F8D4CCE19BE4A6100DA5A61 /* Debug */,
				9F8D4CCF19BE4A6100DA5A61 /* Release */,
			);
			defaultConfigurationIsVisible = 0;
			defaultConfigurationName = Release;
		};
		9F8D4CD019BE4A6100DA5A61 /* Build configuration list for PBXNativeTarget "FaghelgAppTests" */ = {
			isa = XCConfigurationList;
			buildConfigurations = (
				9F8D4CD119BE4A6100DA5A61 /* Debug */,
				9F8D4CD219BE4A6100DA5A61 /* Release */,
			);
			defaultConfigurationIsVisible = 0;
			defaultConfigurationName = Release;
		};
/* End XCConfigurationList section */

/* Begin XCVersionGroup section */
		96234EF619C8B3D8006811D5 /* FaghelgApp.xcdatamodeld */ = {
			isa = XCVersionGroup;
			children = (
				96234EF719C8B3D8006811D5 /* FaghelgApp.xcdatamodel */,
			);
			currentVersion = 96234EF719C8B3D8006811D5 /* FaghelgApp.xcdatamodel */;
			path = FaghelgApp.xcdatamodeld;
			sourceTree = "<group>";
			versionGroupType = wrapper.xcdatamodel;
		};
/* End XCVersionGroup section */
	};
	rootObject = 9F8D4CA519BE4A6100DA5A61 /* Project object */;
}
